
Microsoft Visual Studio Solution File, Format Version 12.00
# Visual Studio 15
VisualStudioVersion = 15.0.27703.2026
MinimumVisualStudioVersion = 10.0.40219.1
Project("{FAE04EC0-301F-11D3-BF4B-00C04F79EFBC}") = "MockComMoq.Testes", "tests\MockComMoq.Testes\MockComMoq.Testes.csproj", "{70A378A0-882D-4D25-A033-6C9F77C92D30}"
EndProject
Global
	GlobalSection(SolutionConfigurationPlatforms) = preSolution
		Debug|Any CPU = Debug|Any CPU
		Release|Any CPU = Release|Any CPU
	EndGlobalSection
	GlobalSection(ProjectConfigurationPlatforms) = postSolution
		{70A378A0-882D-4D25-A033-6C9F77C92D30}.Debug|Any CPU.ActiveCfg = Debug|Any CPU
		{70A378A0-882D-4D25-A033-6C9F77C92D30}.Debug|Any CPU.Build.0 = Debug|Any CPU
		{70A378A0-882D-4D25-A033-6C9F77C92D30}.Release|Any CPU.ActiveCfg = Release|Any CPU
		{70A378A0-882D-4D25-A033-6C9F77C92D30}.Release|Any CPU.Build.0 = Release|Any CPU
	EndGlobalSection
	GlobalSection(SolutionProperties) = preSolution
		HideSolutionNode = FALSE
	EndGlobalSection
	GlobalSection(ExtensibilityGlobals) = postSolution
		SolutionGuid = {B0E4A35F-BCED-409B-9C41-F332BAB94401}
	EndGlobalSection
EndGlobal
